
Microsoft Visual Studio Solution File, Format Version 12.00
# Visual Studio Version 17
VisualStudioVersion = 17.9.34622.214
MinimumVisualStudioVersion = 10.0.40219.1
Project("{FAE04EC0-301F-11D3-BF4B-00C04F79EFBC}") = "digitalguestbook", "digitalguestbook.csproj", "{541EBFB6-80EF-4C6E-A129-C99E694D3755}"
EndProject
Global
	GlobalSection(SolutionConfigurationPlatforms) = preSolution
		Debug|Any CPU = Debug|Any CPU
		Release|Any CPU = Release|Any CPU
	EndGlobalSection
	GlobalSection(ProjectConfigurationPlatforms) = postSolution
		{541EBFB6-80EF-4C6E-A129-C99E694D3755}.Debug|Any CPU.ActiveCfg = Debug|Any CPU
		{541EBFB6-80EF-4C6E-A129-C99E694D3755}.Debug|Any CPU.Build.0 = Debug|Any CPU
		{541EBFB6-80EF-4C6E-A129-C99E694D3755}.Release|Any CPU.ActiveCfg = Release|Any CPU
		{541EBFB6-80EF-4C6E-A129-C99E694D3755}.Release|Any CPU.Build.0 = Release|Any CPU
	EndGlobalSection
	GlobalSection(SolutionProperties) = preSolution
		HideSolutionNode = FALSE
	EndGlobalSection
	GlobalSection(ExtensibilityGlobals) = postSolution
		SolutionGuid = {565EA68D-0C1B-47B5-A1AF-238AC9EA35DF}
	EndGlobalSection
EndGlobal
